// !$*UTF8*$!
{
	archiveVersion = 1;
	classes = {
	};
	objectVersion = 46;
	objects = {

/* Begin PBXBuildFile section */
		C7B2CAF2E234375CCAF1174B /* libPods.a in Frameworks */ = {isa = PBXBuildFile; fileRef = A3E53BFE548016269B66D7C5 /* libPods.a */; };
		FAC838111D13606100A035E7 /* AppDelegate.swift in Sources */ = {isa = PBXBuildFile; fileRef = FAC838101D13606100A035E7 /* AppDelegate.swift */; };
		FAC838131D13606100A035E7 /* ViewController.swift in Sources */ = {isa = PBXBuildFile; fileRef = FAC838121D13606100A035E7 /* ViewController.swift */; };
		FAC838161D13606100A035E7 /* Main.storyboard in Resources */ = {isa = PBXBuildFile; fileRef = FAC838141D13606100A035E7 /* Main.storyboard */; };
		FAC838181D13606100A035E7 /* Assets.xcassets in Resources */ = {isa = PBXBuildFile; fileRef = FAC838171D13606100A035E7 /* Assets.xcassets */; };
		FAC8381B1D13606100A035E7 /* LaunchScreen.storyboard in Resources */ = {isa = PBXBuildFile; fileRef = FAC838191D13606100A035E7 /* LaunchScreen.storyboard */; };
/* End PBXBuildFile section */

/* Begin PBXFileReference section */
		A3E53BFE548016269B66D7C5 /* libPods.a */ = {isa = PBXFileReference; explicitFileType = archive.ar; includeInIndex = 0; path = libPods.a; sourceTree = BUILT_PRODUCTS_DIR; };
		B90C4AD7358935D2472E9B37 /* Pods.debug.xcconfig */ = {isa = PBXFileReference; includeInIndex = 1; lastKnownFileType = text.xcconfig; name = Pods.debug.xcconfig; path = "Pods/Target Support Files/Pods/Pods.debug.xcconfig"; sourceTree = "<group>"; };
		D8E98FF8F4F18A6FA4D6FAB2 /* Pods.release.xcconfig */ = {isa = PBXFileReference; includeInIndex = 1; lastKnownFileType = text.xcconfig; name = Pods.release.xcconfig; path = "Pods/Target Support Files/Pods/Pods.release.xcconfig"; sourceTree = "<group>"; };
		FAC8380D1D13606100A035E7 /* MSGraphTest2.app */ = {isa = PBXFileReference; explicitFileType = wrapper.application; includeInIndex = 0; path = MSGraphTest2.app; sourceTree = BUILT_PRODUCTS_DIR; };
		FAC838101D13606100A035E7 /* AppDelegate.swift */ = {isa = PBXFileReference; lastKnownFileType = sourcecode.swift; path = AppDelegate.swift; sourceTree = "<group>"; };
		FAC838121D13606100A035E7 /* ViewController.swift */ = {isa = PBXFileReference; lastKnownFileType = sourcecode.swift; path = ViewController.swift; sourceTree = "<group>"; };
		FAC838151D13606100A035E7 /* Base */ = {isa = PBXFileReference; lastKnownFileType = file.storyboard; name = Base; path = Base.lproj/Main.storyboard; sourceTree = "<group>"; };
		FAC838171D13606100A035E7 /* Assets.xcassets */ = {isa = PBXFileReference; lastKnownFileType = folder.assetcatalog; path = Assets.xcassets; sourceTree = "<group>"; };
		FAC8381A1D13606100A035E7 /* Base */ = {isa = PBXFileReference; lastKnownFileType = file.storyboard; name = Base; path = Base.lproj/LaunchScreen.storyboard; sourceTree = "<group>"; };
		FAC8381C1D13606100A035E7 /* Info.plist */ = {isa = PBXFileReference; lastKnownFileType = text.plist.xml; path = Info.plist; sourceTree = "<group>"; };
		FAC838221D13607100A035E7 /* MSGraphTest2-Bridging-Header.h */ = {isa = PBXFileReference; lastKnownFileType = sourcecode.c.h; path = "MSGraphTest2-Bridging-Header.h"; sourceTree = "<group>"; };
/* End PBXFileReference section */

/* Begin PBXFrameworksBuildPhase section */
		FAC8380A1D13606100A035E7 /* Frameworks */ = {
			isa = PBXFrameworksBuildPhase;
			buildActionMask = 2147483647;
			files = (
				C7B2CAF2E234375CCAF1174B /* libPods.a in Frameworks */,
			);
			runOnlyForDeploymentPostprocessing = 0;
		};
/* End PBXFrameworksBuildPhase section */

/* Begin PBXGroup section */
		4426ED867A6906263B835189 /* Frameworks */ = {
			isa = PBXGroup;
			children = (
				A3E53BFE548016269B66D7C5 /* libPods.a */,
			);
			name = Frameworks;
			sourceTree = "<group>";
		};
		C72AFC45BA94C6CC37E4E974 /* Pods */ = {
			isa = PBXGroup;
			children = (
				B90C4AD7358935D2472E9B37 /* Pods.debug.xcconfig */,
				D8E98FF8F4F18A6FA4D6FAB2 /* Pods.release.xcconfig */,
			);
			name = Pods;
			sourceTree = "<group>";
		};
		FAC838041D13606100A035E7 = {
			isa = PBXGroup;
			children = (
				FAC8380F1D13606100A035E7 /* MSGraphTest2 */,
				FAC8380E1D13606100A035E7 /* Products */,
				C72AFC45BA94C6CC37E4E974 /* Pods */,
				4426ED867A6906263B835189 /* Frameworks */,
			);
			sourceTree = "<group>";
		};
		FAC8380E1D13606100A035E7 /* Products */ = {
			isa = PBXGroup;
			children = (
				FAC8380D1D13606100A035E7 /* MSGraphTest2.app */,
			);
			name = Products;
			sourceTree = "<group>";
		};
		FAC8380F1D13606100A035E7 /* MSGraphTest2 */ = {
			isa = PBXGroup;
			children = (
				FAC838101D13606100A035E7 /* AppDelegate.swift */,
				FAC838121D13606100A035E7 /* ViewController.swift */,
				FAC838141D13606100A035E7 /* Main.storyboard */,
				FAC838171D13606100A035E7 /* Assets.xcassets */,
				FAC838191D13606100A035E7 /* LaunchScreen.storyboard */,
				FAC8381C1D13606100A035E7 /* Info.plist */,
				FAC838221D13607100A035E7 /* MSGraphTest2-Bridging-Header.h */,
			);
			path = MSGraphTest2;
			sourceTree = "<group>";
		};
/* End PBXGroup section */

/* Begin PBXNativeTarget section */
		FAC8380C1D13606100A035E7 /* MSGraphTest2 */ = {
			isa = PBXNativeTarget;
			buildConfigurationList = FAC8381F1D13606100A035E7 /* Build configuration list for PBXNativeTarget "MSGraphTest2" */;
			buildPhases = (
				889E8D6CCBEB639CA51359C3 /* Check Pods Manifest.lock */,
				FAC838091D13606100A035E7 /* Sources */,
				FAC8380A1D13606100A035E7 /* Frameworks */,
				FAC8380B1D13606100A035E7 /* Resources */,
				9B1A3F51F6ACB3BCD5D4E808 /* Embed Pods Frameworks */,
				4B59758C7065D29547D70FAA /* Copy Pods Resources */,
			);
			buildRules = (
			);
			dependencies = (
			);
			name = MSGraphTest2;
			productName = MSGraphTest2;
			productReference = FAC8380D1D13606100A035E7 /* MSGraphTest2.app */;
			productType = "com.apple.product-type.application";
		};
/* End PBXNativeTarget section */

/* Begin PBXProject section */
		FAC838051D13606100A035E7 /* Project object */ = {
			isa = PBXProject;
			attributes = {
				LastSwiftUpdateCheck = 0710;
				LastUpgradeCheck = 0710;
				ORGANIZATIONNAME = "Alexander Ziskind";
				TargetAttributes = {
					FAC8380C1D13606100A035E7 = {
						CreatedOnToolsVersion = 7.1;
					};
				};
			};
			buildConfigurationList = FAC838081D13606100A035E7 /* Build configuration list for PBXProject "MSGraphTest2" */;
			compatibilityVersion = "Xcode 3.2";
			developmentRegion = English;
			hasScannedForEncodings = 0;
			knownRegions = (
				en,
				Base,
			);
			mainGroup = FAC838041D13606100A035E7;
			productRefGroup = FAC8380E1D13606100A035E7 /* Products */;
			projectDirPath = "";
			projectRoot = "";
			targets = (
				FAC8380C1D13606100A035E7 /* MSGraphTest2 */,
			);
		};
/* End PBXProject section */

/* Begin PBXResourcesBuildPhase section */
		FAC8380B1D13606100A035E7 /* Resources */ = {
			isa = PBXResourcesBuildPhase;
			buildActionMask = 2147483647;
			files = (
				FAC8381B1D13606100A035E7 /* LaunchScreen.storyboard in Resources */,
				FAC838181D13606100A035E7 /* Assets.xcassets in Resources */,
				FAC838161D13606100A035E7 /* Main.storyboard in Resources */,
			);
			runOnlyForDeploymentPostprocessing = 0;
		};
/* End PBXResourcesBuildPhase section */

/* Begin PBXShellScriptBuildPhase section */
		4B59758C7065D29547D70FAA /* Copy Pods Resources */ = {
			isa = PBXShellScriptBuildPhase;
			buildActionMask = 2147483647;
			files = (
			);
			inputPaths = (
			);
			name = "Copy Pods Resources";
			outputPaths = (
			);
			runOnlyForDeploymentPostprocessing = 0;
			shellPath = /bin/sh;
			shellScript = "\"${SRCROOT}/Pods/Target Support Files/Pods/Pods-resources.sh\"\n";
			showEnvVarsInLog = 0;
		};
		889E8D6CCBEB639CA51359C3 /* Check Pods Manifest.lock */ = {
			isa = PBXShellScriptBuildPhase;
			buildActionMask = 2147483647;
			files = (
			);
			inputPaths = (
			);
			name = "Check Pods Manifest.lock";
			outputPaths = (
			);
			runOnlyForDeploymentPostprocessing = 0;
			shellPath = /bin/sh;
			shellScript = "diff \"${PODS_ROOT}/../Podfile.lock\" \"${PODS_ROOT}/Manifest.lock\" > /dev/null\nif [[ $? != 0 ]] ; then\n    cat << EOM\nerror: The sandbox is not in sync with the Podfile.lock. Run 'pod install' or update your CocoaPods installation.\nEOM\n    exit 1\nfi\n";
			showEnvVarsInLog = 0;
		};
		9B1A3F51F6ACB3BCD5D4E808 /* Embed Pods Frameworks */ = {
			isa = PBXShellScriptBuildPhase;
			buildActionMask = 2147483647;
			files = (
			);
			inputPaths = (
			);
			name = "Embed Pods Frameworks";
			outputPaths = (
			);
			runOnlyForDeploymentPostprocessing = 0;
			shellPath = /bin/sh;
			shellScript = "\"${SRCROOT}/Pods/Target Support Files/Pods/Pods-frameworks.sh\"\n";
			showEnvVarsInLog = 0;
		};
/* End PBXShellScriptBuildPhase section */

/* Begin PBXSourcesBuildPhase section */
		FAC838091D13606100A035E7 /* Sources */ = {
			isa = PBXSourcesBuildPhase;
			buildActionMask = 2147483647;
			files = (
				FAC838131D13606100A035E7 /* ViewController.swift in Sources */,
				FAC838111D13606100A035E7 /* AppDelegate.swift in Sources */,
			);
			runOnlyForDeploymentPostprocessing = 0;
		};
/* End PBXSourcesBuildPhase section */

/* Begin PBXVariantGroup section */
		FAC838141D13606100A035E7 /* Main.storyboard */ = {
			isa = PBXVariantGroup;
			children = (
				FAC838151D13606100A035E7 /* Base */,
			);
			name = Main.storyboard;
			sourceTree = "<group>";
		};
		FAC838191D13606100A035E7 /* LaunchScreen.storyboard */ = {
			isa = PBXVariantGroup;
			children = (
				FAC8381A1D13606100A035E7 /* Base */,
			);
			name = LaunchScreen.storyboard;
			sourceTree = "<group>";
		};
/* End PBXVariantGroup section */

/* Begin XCBuildConfiguration section */
		FAC8381D1D13606100A035E7 /* Debug */ = {
			isa = XCBuildConfiguration;
			buildSettings = {
				ALWAYS_SEARCH_USER_PATHS = NO;
				CLANG_CXX_LANGUAGE_STANDARD = "gnu++0x";
				CLANG_CXX_LIBRARY = "libc++";
				CLANG_ENABLE_MODULES = YES;
				CLANG_ENABLE_OBJC_ARC = YES;
				CLANG_WARN_BOOL_CONVERSION = YES;
				CLANG_WARN_CONSTANT_CONVERSION = YES;
				CLANG_WARN_DIRECT_OBJC_ISA_USAGE = YES_ERROR;
				CLANG_WARN_EMPTY_BODY = YES;
				CLANG_WARN_ENUM_CONVERSION = YES;
				CLANG_WARN_INT_CONVERSION = YES;
				CLANG_WARN_OBJC_ROOT_CLASS = YES_ERROR;
				CLANG_WARN_UNREACHABLE_CODE = YES;
				CLANG_WARN__DUPLICATE_METHOD_MATCH = YES;
				"CODE_SIGN_IDENTITY[sdk=iphoneos*]" = "iPhone Developer";
				COPY_PHASE_STRIP = NO;
				DEBUG_INFORMATION_FORMAT = dwarf;
				ENABLE_STRICT_OBJC_MSGSEND = YES;
				ENABLE_TESTABILITY = YES;
				GCC_C_LANGUAGE_STANDARD = gnu99;
				GCC_DYNAMIC_NO_PIC = NO;
				GCC_NO_COMMON_BLOCKS = YES;
				GCC_OPTIMIZATION_LEVEL = 0;
				GCC_PREPROCESSOR_DEFINITIONS = (
					"DEBUG=1",
					"$(inherited)",
				);
				GCC_WARN_64_TO_32_BIT_CONVERSION = YES;
				GCC_WARN_ABOUT_RETURN_TYPE = YES_ERROR;
				GCC_WARN_UNDECLARED_SELECTOR = YES;
				GCC_WARN_UNINITIALIZED_AUTOS = YES_AGGRESSIVE;
				GCC_WARN_UNUSED_FUNCTION = YES;
				GCC_WARN_UNUSED_VARIABLE = YES;
				IPHONEOS_DEPLOYMENT_TARGET = 9.1;
				MTL_ENABLE_DEBUG_INFO = YES;
				ONLY_ACTIVE_ARCH = YES;
				SDKROOT = iphoneos;
				SWIFT_OPTIMIZATION_LEVEL = "-Onone";
				TARGETED_DEVICE_FAMILY = "1,2";
			};
			name = Debug;
		};
		FAC8381E1D13606100A035E7 /* Release */ = {
			isa = XCBuildConfiguration;
			buildSettings = {
				ALWAYS_SEARCH_USER_PATHS = NO;
				CLANG_CXX_LANGUAGE_STANDARD = "gnu++0x";
				CLANG_CXX_LIBRARY = "libc++";
				CLANG_ENABLE_MODULES = YES;
				CLANG_ENABLE_OBJC_ARC = YES;
				CLANG_WARN_BOOL_CONVERSION = YES;
				CLANG_WARN_CONSTANT_CONVERSION = YES;
				CLANG_WARN_DIRECT_OBJC_ISA_USAGE = YES_ERROR;
				CLANG_WARN_EMPTY_BODY = YES;
				CLANG_WARN_ENUM_CONVERSION = YES;
				CLANG_WARN_INT_CONVERSION = YES;
				CLANG_WARN_OBJC_ROOT_CLASS = YES_ERROR;
				CLANG_WARN_UNREACHABLE_CODE = YES;
				CLANG_WARN__DUPLICATE_METHOD_MATCH = YES;
				"CODE_SIGN_IDENTITY[sdk=iphoneos*]" = "iPhone Developer";
				COPY_PHASE_STRIP = NO;
				DEBUG_INFORMATION_FORMAT = "dwarf-with-dsym";
				ENABLE_NS_ASSERTIONS = NO;
				ENABLE_STRICT_OBJC_MSGSEND = YES;
				GCC_C_LANGUAGE_STANDARD = gnu99;
				GCC_NO_COMMON_BLOCKS = YES;
				GCC_WARN_64_TO_32_BIT_CONVERSION = YES;
				GCC_WARN_ABOUT_RETURN_TYPE = YES_ERROR;
				GCC_WARN_UNDECLARED_SELECTOR = YES;
				GCC_WARN_UNINITIALIZED_AUTOS = YES_AGGRESSIVE;
				GCC_WARN_UNUSED_FUNCTION = YES;
				GCC_WARN_UNUSED_VARIABLE = YES;
				IPHONEOS_DEPLOYMENT_TARGET = 9.1;
				MTL_ENABLE_DEBUG_INFO = NO;
				SDKROOT = iphoneos;
				TARGETED_DEVICE_FAMILY = "1,2";
				VALIDATE_PRODUCT = YES;
			};
			name = Release;
		};
		FAC838201D13606100A035E7 /* Debug */ = {
			isa = XCBuildConfiguration;
			baseConfigurationReference = B90C4AD7358935D2472E9B37 /* Pods.debug.xcconfig */;
			buildSettings = {
				ASSETCATALOG_COMPILER_APPICON_NAME = AppIcon;
				CLANG_ENABLE_MODULES = YES;
				INFOPLIST_FILE = MSGraphTest2/Info.plist;
				LD_RUNPATH_SEARCH_PATHS = "$(inherited) @executable_path/Frameworks";
				PRODUCT_BUNDLE_IDENTIFIER = nuvious.MSGraphTest2;
				PRODUCT_NAME = "$(TARGET_NAME)";
				SWIFT_OBJC_BRIDGING_HEADER = "MSGraphTest2/MSGraphTest2-Bridging-Header.h";
				SWIFT_OPTIMIZATION_LEVEL = "-Onone";
			};
			name = Debug;
		};
		FAC838211D13606100A035E7 /* Release */ = {
			isa = XCBuildConfiguration;
			baseConfigurationReference = D8E98FF8F4F18A6FA4D6FAB2 /* Pods.release.xcconfig */;
			buildSettings = {
				ASSETCATALOG_COMPILER_APPICON_NAME = AppIcon;
				CLANG_ENABLE_MODULES = YES;
				INFOPLIST_FILE = MSGraphTest2/Info.plist;
				LD_RUNPATH_SEARCH_PATHS = "$(inherited) @executable_path/Frameworks";
				PRODUCT_BUNDLE_IDENTIFIER = nuvious.MSGraphTest2;
				PRODUCT_NAME = "$(TARGET_NAME)";
				SWIFT_OBJC_BRIDGING_HEADER = "MSGraphTest2/MSGraphTest2-Bridging-Header.h";
			};
			name = Release;
		};
/* End XCBuildConfiguration section */

/* Begin XCConfigurationList section */
		FAC838081D13606100A035E7 /* Build configuration list for PBXProject "MSGraphTest2" */ = {
			isa = XCConfigurationList;
			buildConfigurations = (
				FAC8381D1D13606100A035E7 /* Debug */,
				FAC8381E1D13606100A035E7 /* Release */,
			);
			defaultConfigurationIsVisible = 0;
			defaultConfigurationName = Release;
		};
		FAC8381F1D13606100A035E7 /* Build configuration list for PBXNativeTarget "MSGraphTest2" */ = {
			isa = XCConfigurationList;
			buildConfigurations = (
				FAC838201D13606100A035E7 /* Debug */,
				FAC838211D13606100A035E7 /* Release */,
			);
			defaultConfigurationIsVisible = 0;
			defaultConfigurationName = Release;
		};
/* End XCConfigurationList section */
	};
	rootObject = FAC838051D13606100A035E7 /* Project object */;
}
